
Microsoft Visual Studio Solution File, Format Version 12.00
# Visual Studio Version 16
VisualStudioVersion = 16.0.33214.272
MinimumVisualStudioVersion = 10.0.40219.1
Project("{FAE04EC0-301F-11D3-BF4B-00C04F79EFBC}") = "VetoresEx1", "VetoresEx1.csproj", "{6BCF6E75-44E8-4711-A11F-8CE8D994FBB8}"
EndProject
Global
	GlobalSection(SolutionConfigurationPlatforms) = preSolution
		Debug|Any CPU = Debug|Any CPU
		Release|Any CPU = Release|Any CPU
	EndGlobalSection
	GlobalSection(ProjectConfigurationPlatforms) = postSolution
		{6BCF6E75-44E8-4711-A11F-8CE8D994FBB8}.Debug|Any CPU.ActiveCfg = Debug|Any CPU
		{6BCF6E75-44E8-4711-A11F-8CE8D994FBB8}.Debug|Any CPU.Build.0 = Debug|Any CPU
		{6BCF6E75-44E8-4711-A11F-8CE8D994FBB8}.Release|Any CPU.ActiveCfg = Release|Any CPU
		{6BCF6E75-44E8-4711-A11F-8CE8D994FBB8}.Release|Any CPU.Build.0 = Release|Any CPU
	EndGlobalSection
	GlobalSection(SolutionProperties) = preSolution
		HideSolutionNode = FALSE
	EndGlobalSection
	GlobalSection(ExtensibilityGlobals) = postSolution
		SolutionGuid = {6913227E-1145-439B-9D97-4E796381E1FB}
	EndGlobalSection
EndGlobal
